
Microsoft Visual Studio Solution File, Format Version 12.00
# Visual Studio 2013
VisualStudioVersion = 12.0.30723.0
MinimumVisualStudioVersion = 10.0.40219.1
Project("{FAE04EC0-301F-11D3-BF4B-00C04F79EFBC}") = "Testumium", "Testumium\Testumium.csproj", "{0ACED3FA-F3FC-4FF8-B13B-2E2EA3872682}"
EndProject
Project("{FAE04EC0-301F-11D3-BF4B-00C04F79EFBC}") = "Testumium.Domain", "Testumium.Domain\Testumium.Domain.csproj", "{9C86F312-1396-4ED8-B51A-F614A8021BF4}"
EndProject
Global
	GlobalSection(SolutionConfigurationPlatforms) = preSolution
		Debug|Any CPU = Debug|Any CPU
		Release|Any CPU = Release|Any CPU
	EndGlobalSection
	GlobalSection(ProjectConfigurationPlatforms) = postSolution
		{0ACED3FA-F3FC-4FF8-B13B-2E2EA3872682}.Debug|Any CPU.ActiveCfg = Debug|Any CPU
		{0ACED3FA-F3FC-4FF8-B13B-2E2EA3872682}.Debug|Any CPU.Build.0 = Debug|Any CPU
		{0ACED3FA-F3FC-4FF8-B13B-2E2EA3872682}.Release|Any CPU.ActiveCfg = Release|Any CPU
		{0ACED3FA-F3FC-4FF8-B13B-2E2EA3872682}.Release|Any CPU.Build.0 = Release|Any CPU
		{9C86F312-1396-4ED8-B51A-F614A8021BF4}.Debug|Any CPU.ActiveCfg = Debug|Any CPU
		{9C86F312-1396-4ED8-B51A-F614A8021BF4}.Debug|Any CPU.Build.0 = Debug|Any CPU
		{9C86F312-1396-4ED8-B51A-F614A8021BF4}.Release|Any CPU.ActiveCfg = Release|Any CPU
		{9C86F312-1396-4ED8-B51A-F614A8021BF4}.Release|Any CPU.Build.0 = Release|Any CPU
	EndGlobalSection
	GlobalSection(SolutionProperties) = preSolution
		HideSolutionNode = FALSE
	EndGlobalSection
EndGlobal
